
Microsoft Visual Studio Solution File, Format Version 12.00
# Visual Studio 15
VisualStudioVersion = 15.0.28307.271
MinimumVisualStudioVersion = 10.0.40219.1
Project("{FAE04EC0-301F-11D3-BF4B-00C04F79EFBC}") = "RPSLS Game", "RPSLS Game\RPSLS Game.csproj", "{785F4C2D-AD5B-4033-9BDC-321E91E0701C}"
EndProject
Global
	GlobalSection(SolutionConfigurationPlatforms) = preSolution
		Debug|Any CPU = Debug|Any CPU
		Release|Any CPU = Release|Any CPU
	EndGlobalSection
	GlobalSection(ProjectConfigurationPlatforms) = postSolution
		{785F4C2D-AD5B-4033-9BDC-321E91E0701C}.Debug|Any CPU.ActiveCfg = Debug|Any CPU
		{785F4C2D-AD5B-4033-9BDC-321E91E0701C}.Debug|Any CPU.Build.0 = Debug|Any CPU
		{785F4C2D-AD5B-4033-9BDC-321E91E0701C}.Release|Any CPU.ActiveCfg = Release|Any CPU
		{785F4C2D-AD5B-4033-9BDC-321E91E0701C}.Release|Any CPU.Build.0 = Release|Any CPU
	EndGlobalSection
	GlobalSection(SolutionProperties) = preSolution
		HideSolutionNode = FALSE
	EndGlobalSection
	GlobalSection(ExtensibilityGlobals) = postSolution
		SolutionGuid = {CD03B3BF-94DA-4241-990A-38A03C331179}
	EndGlobalSection
EndGlobal
